
Microsoft Visual Studio Solution File, Format Version 12.00
# Visual Studio Version 17
VisualStudioVersion = 17.5.33502.453
MinimumVisualStudioVersion = 10.0.40219.1
Project("{FAE04EC0-301F-11D3-BF4B-00C04F79EFBC}") = "Project1", "Project1\Project1.csproj", "{334ED2E9-6D1E-4BA3-BB25-86356B46414F}"
EndProject
Global
	GlobalSection(SolutionConfigurationPlatforms) = preSolution
		Debug|Any CPU = Debug|Any CPU
		Release|Any CPU = Release|Any CPU
	EndGlobalSection
	GlobalSection(ProjectConfigurationPlatforms) = postSolution
		{334ED2E9-6D1E-4BA3-BB25-86356B46414F}.Debug|Any CPU.ActiveCfg = Debug|Any CPU
		{334ED2E9-6D1E-4BA3-BB25-86356B46414F}.Debug|Any CPU.Build.0 = Debug|Any CPU
		{334ED2E9-6D1E-4BA3-BB25-86356B46414F}.Release|Any CPU.ActiveCfg = Release|Any CPU
		{334ED2E9-6D1E-4BA3-BB25-86356B46414F}.Release|Any CPU.Build.0 = Release|Any CPU
	EndGlobalSection
	GlobalSection(SolutionProperties) = preSolution
		HideSolutionNode = FALSE
	EndGlobalSection
	GlobalSection(ExtensibilityGlobals) = postSolution
		SolutionGuid = {0E7C04A4-0932-47A1-8E6D-2530D6EDED0B}
	EndGlobalSection
EndGlobal
